// !$*UTF8*$!
{
	archiveVersion = 1;
	classes = {
	};
	objectVersion = 46;
	objects = {

/* Begin PBXBuildFile section */
		028EAED01B9C2C4C005FCC1B /* main.m in Sources */ = {isa = PBXBuildFile; fileRef = 028EAECF1B9C2C4C005FCC1B /* main.m */; };
		028EAED31B9C2C4C005FCC1B /* AppDelegate.m in Sources */ = {isa = PBXBuildFile; fileRef = 028EAED21B9C2C4C005FCC1B /* AppDelegate.m */; };
		028EAED61B9C2C4C005FCC1B /* ViewController.m in Sources */ = {isa = PBXBuildFile; fileRef = 028EAED51B9C2C4C005FCC1B /* ViewController.m */; };
		028EAED91B9C2C4C005FCC1B /* Main.storyboard in Resources */ = {isa = PBXBuildFile; fileRef = 028EAED71B9C2C4C005FCC1B /* Main.storyboard */; };
		028EAEDB1B9C2C4C005FCC1B /* Images.xcassets in Resources */ = {isa = PBXBuildFile; fileRef = 028EAEDA1B9C2C4C005FCC1B /* Images.xcassets */; };
		028EAEDE1B9C2C4C005FCC1B /* LaunchScreen.xib in Resources */ = {isa = PBXBuildFile; fileRef = 028EAEDC1B9C2C4C005FCC1B /* LaunchScreen.xib */; };
		028EAEEA1B9C2C4C005FCC1B /* TwinkleTests.m in Sources */ = {isa = PBXBuildFile; fileRef = 028EAEE91B9C2C4C005FCC1B /* TwinkleTests.m */; };
		028EAEFB1B9C2DBC005FCC1B /* UIView+Twinkle.m in Sources */ = {isa = PBXBuildFile; fileRef = 028EAEFA1B9C2DBC005FCC1B /* UIView+Twinkle.m */; };
		028EAEFE1B9C2E14005FCC1B /* TwinkleLayer.m in Sources */ = {isa = PBXBuildFile; fileRef = 028EAEFD1B9C2E14005FCC1B /* TwinkleLayer.m */; };
		028EAF061B9C339F005FCC1B /* TwinkleLayer+Anim.m in Sources */ = {isa = PBXBuildFile; fileRef = 028EAF051B9C339F005FCC1B /* TwinkleLayer+Anim.m */; };
/* End PBXBuildFile section */

/* Begin PBXContainerItemProxy section */
		028EAEE41B9C2C4C005FCC1B /* PBXContainerItemProxy */ = {
			isa = PBXContainerItemProxy;
			containerPortal = 028EAEC21B9C2C4C005FCC1B /* Project object */;
			proxyType = 1;
			remoteGlobalIDString = 028EAEC91B9C2C4C005FCC1B;
			remoteInfo = Twinkle;
		};
/* End PBXContainerItemProxy section */

/* Begin PBXFileReference section */
		028EAECA1B9C2C4C005FCC1B /* Twinkle.app */ = {isa = PBXFileReference; explicitFileType = wrapper.application; includeInIndex = 0; path = Twinkle.app; sourceTree = BUILT_PRODUCTS_DIR; };
		028EAECE1B9C2C4C005FCC1B /* Info.plist */ = {isa = PBXFileReference; lastKnownFileType = text.plist.xml; path = Info.plist; sourceTree = "<group>"; };
		028EAECF1B9C2C4C005FCC1B /* main.m */ = {isa = PBXFileReference; lastKnownFileType = sourcecode.c.objc; path = main.m; sourceTree = "<group>"; };
		028EAED11B9C2C4C005FCC1B /* AppDelegate.h */ = {isa = PBXFileReference; lastKnownFileType = sourcecode.c.h; path = AppDelegate.h; sourceTree = "<group>"; };
		028EAED21B9C2C4C005FCC1B /* AppDelegate.m */ = {isa = PBXFileReference; lastKnownFileType = sourcecode.c.objc; path = AppDelegate.m; sourceTree = "<group>"; };
		028EAED41B9C2C4C005FCC1B /* ViewController.h */ = {isa = PBXFileReference; lastKnownFileType = sourcecode.c.h; path = ViewController.h; sourceTree = "<group>"; };
		028EAED51B9C2C4C005FCC1B /* ViewController.m */ = {isa = PBXFileReference; lastKnownFileType = sourcecode.c.objc; path = ViewController.m; sourceTree = "<group>"; };
		028EAED81B9C2C4C005FCC1B /* Base */ = {isa = PBXFileReference; lastKnownFileType = file.storyboard; name = Base; path = Base.lproj/Main.storyboard; sourceTree = "<group>"; };
		028EAEDA1B9C2C4C005FCC1B /* Images.xcassets */ = {isa = PBXFileReference; lastKnownFileType = folder.assetcatalog; path = Images.xcassets; sourceTree = "<group>"; };
		028EAEDD1B9C2C4C005FCC1B /* Base */ = {isa = PBXFileReference; lastKnownFileType = file.xib; name = Base; path = Base.lproj/LaunchScreen.xib; sourceTree = "<group>"; };
		028EAEE31B9C2C4C005FCC1B /* TwinkleTests.xctest */ = {isa = PBXFileReference; explicitFileType = wrapper.cfbundle; includeInIndex = 0; path = TwinkleTests.xctest; sourceTree = BUILT_PRODUCTS_DIR; };
		028EAEE81B9C2C4C005FCC1B /* Info.plist */ = {isa = PBXFileReference; lastKnownFileType = text.plist.xml; path = Info.plist; sourceTree = "<group>"; };
		028EAEE91B9C2C4C005FCC1B /* TwinkleTests.m */ = {isa = PBXFileReference; lastKnownFileType = sourcecode.c.objc; path = TwinkleTests.m; sourceTree = "<group>"; };
		028EAEF91B9C2DBC005FCC1B /* UIView+Twinkle.h */ = {isa = PBXFileReference; fileEncoding = 4; lastKnownFileType = sourcecode.c.h; path = "UIView+Twinkle.h"; sourceTree = "<group>"; };
		028EAEFA1B9C2DBC005FCC1B /* UIView+Twinkle.m */ = {isa = PBXFileReference; fileEncoding = 4; lastKnownFileType = sourcecode.c.objc; path = "UIView+Twinkle.m"; sourceTree = "<group>"; };
		028EAEFC1B9C2E14005FCC1B /* TwinkleLayer.h */ = {isa = PBXFileReference; fileEncoding = 4; lastKnownFileType = sourcecode.c.h; path = TwinkleLayer.h; sourceTree = "<group>"; };
		028EAEFD1B9C2E14005FCC1B /* TwinkleLayer.m */ = {isa = PBXFileReference; fileEncoding = 4; lastKnownFileType = sourcecode.c.objc; path = TwinkleLayer.m; sourceTree = "<group>"; };
		028EAF041B9C339F005FCC1B /* TwinkleLayer+Anim.h */ = {isa = PBXFileReference; fileEncoding = 4; lastKnownFileType = sourcecode.c.h; path = "TwinkleLayer+Anim.h"; sourceTree = "<group>"; };
		028EAF051B9C339F005FCC1B /* TwinkleLayer+Anim.m */ = {isa = PBXFileReference; fileEncoding = 4; lastKnownFileType = sourcecode.c.objc; path = "TwinkleLayer+Anim.m"; sourceTree = "<group>"; };
/* End PBXFileReference section */

/* Begin PBXFrameworksBuildPhase section */
		028EAEC71B9C2C4C005FCC1B /* Frameworks */ = {
			isa = PBXFrameworksBuildPhase;
			buildActionMask = 2147483647;
			files = (
			);
			runOnlyForDeploymentPostprocessing = 0;
		};
		028EAEE01B9C2C4C005FCC1B /* Frameworks */ = {
			isa = PBXFrameworksBuildPhase;
			buildActionMask = 2147483647;
			files = (
			);
			runOnlyForDeploymentPostprocessing = 0;
		};
/* End PBXFrameworksBuildPhase section */

/* Begin PBXGroup section */
		028EAEC11B9C2C4C005FCC1B = {
			isa = PBXGroup;
			children = (
				028EAECC1B9C2C4C005FCC1B /* Twinkle */,
				028EAEE61B9C2C4C005FCC1B /* TwinkleTests */,
				028EAECB1B9C2C4C005FCC1B /* Products */,
			);
			sourceTree = "<group>";
			wrapsLines = 1;
		};
		028EAECB1B9C2C4C005FCC1B /* Products */ = {
			isa = PBXGroup;
			children = (
				028EAECA1B9C2C4C005FCC1B /* Twinkle.app */,
				028EAEE31B9C2C4C005FCC1B /* TwinkleTests.xctest */,
			);
			name = Products;
			sourceTree = "<group>";
		};
		028EAECC1B9C2C4C005FCC1B /* Twinkle */ = {
			isa = PBXGroup;
			children = (
				028EAEF81B9C2DBC005FCC1B /* src */,
				028EAED11B9C2C4C005FCC1B /* AppDelegate.h */,
				028EAED21B9C2C4C005FCC1B /* AppDelegate.m */,
				028EAED41B9C2C4C005FCC1B /* ViewController.h */,
				028EAED51B9C2C4C005FCC1B /* ViewController.m */,
				028EAED71B9C2C4C005FCC1B /* Main.storyboard */,
				028EAEDA1B9C2C4C005FCC1B /* Images.xcassets */,
				028EAEDC1B9C2C4C005FCC1B /* LaunchScreen.xib */,
				028EAECD1B9C2C4C005FCC1B /* Supporting Files */,
			);
			path = Twinkle;
			sourceTree = "<group>";
		};
		028EAECD1B9C2C4C005FCC1B /* Supporting Files */ = {
			isa = PBXGroup;
			children = (
				028EAECE1B9C2C4C005FCC1B /* Info.plist */,
				028EAECF1B9C2C4C005FCC1B /* main.m */,
			);
			name = "Supporting Files";
			sourceTree = "<group>";
		};
		028EAEE61B9C2C4C005FCC1B /* TwinkleTests */ = {
			isa = PBXGroup;
			children = (
				028EAEE91B9C2C4C005FCC1B /* TwinkleTests.m */,
				028EAEE71B9C2C4C005FCC1B /* Supporting Files */,
			);
			path = TwinkleTests;
			sourceTree = "<group>";
		};
		028EAEE71B9C2C4C005FCC1B /* Supporting Files */ = {
			isa = PBXGroup;
			children = (
				028EAEE81B9C2C4C005FCC1B /* Info.plist */,
			);
			name = "Supporting Files";
			sourceTree = "<group>";
		};
		028EAEF81B9C2DBC005FCC1B /* src */ = {
			isa = PBXGroup;
			children = (
				028EAEFC1B9C2E14005FCC1B /* TwinkleLayer.h */,
				028EAEFD1B9C2E14005FCC1B /* TwinkleLayer.m */,
				028EAEF91B9C2DBC005FCC1B /* UIView+Twinkle.h */,
				028EAEFA1B9C2DBC005FCC1B /* UIView+Twinkle.m */,
				028EAF041B9C339F005FCC1B /* TwinkleLayer+Anim.h */,
				028EAF051B9C339F005FCC1B /* TwinkleLayer+Anim.m */,
			);
			path = src;
			sourceTree = "<group>";
		};
/* End PBXGroup section */

/* Begin PBXNativeTarget section */
		028EAEC91B9C2C4C005FCC1B /* Twinkle */ = {
			isa = PBXNativeTarget;
			buildConfigurationList = 028EAEED1B9C2C4C005FCC1B /* Build configuration list for PBXNativeTarget "Twinkle" */;
			buildPhases = (
				028EAEC61B9C2C4C005FCC1B /* Sources */,
				028EAEC71B9C2C4C005FCC1B /* Frameworks */,
				028EAEC81B9C2C4C005FCC1B /* Resources */,
			);
			buildRules = (
			);
			dependencies = (
			);
			name = Twinkle;
			productName = Twinkle;
			productReference = 028EAECA1B9C2C4C005FCC1B /* Twinkle.app */;
			productType = "com.apple.product-type.application";
		};
		028EAEE21B9C2C4C005FCC1B /* TwinkleTests */ = {
			isa = PBXNativeTarget;
			buildConfigurationList = 028EAEF01B9C2C4C005FCC1B /* Build configuration list for PBXNativeTarget "TwinkleTests" */;
			buildPhases = (
				028EAEDF1B9C2C4C005FCC1B /* Sources */,
				028EAEE01B9C2C4C005FCC1B /* Frameworks */,
				028EAEE11B9C2C4C005FCC1B /* Resources */,
			);
			buildRules = (
			);
			dependencies = (
				028EAEE51B9C2C4C005FCC1B /* PBXTargetDependency */,
			);
			name = TwinkleTests;
			productName = TwinkleTests;
			productReference = 028EAEE31B9C2C4C005FCC1B /* TwinkleTests.xctest */;
			productType = "com.apple.product-type.bundle.unit-test";
		};
/* End PBXNativeTarget section */

/* Begin PBXProject section */
		028EAEC21B9C2C4C005FCC1B /* Project object */ = {
			isa = PBXProject;
			attributes = {
				LastUpgradeCheck = 0640;
				ORGANIZATIONNAME = LiuZeChen;
				TargetAttributes = {
					028EAEC91B9C2C4C005FCC1B = {
						CreatedOnToolsVersion = 6.4;
					};
					028EAEE21B9C2C4C005FCC1B = {
						CreatedOnToolsVersion = 6.4;
						TestTargetID = 028EAEC91B9C2C4C005FCC1B;
					};
				};
			};
			buildConfigurationList = 028EAEC51B9C2C4C005FCC1B /* Build configuration list for PBXProject "Twinkle" */;
			compatibilityVersion = "Xcode 3.2";
			developmentRegion = English;
			hasScannedForEncodings = 0;
			knownRegions = (
				en,
				Base,
			);
			mainGroup = 028EAEC11B9C2C4C005FCC1B;
			productRefGroup = 028EAECB1B9C2C4C005FCC1B /* Products */;
			projectDirPath = "";
			projectRoot = "";
			targets = (
				028EAEC91B9C2C4C005FCC1B /* Twinkle */,
				028EAEE21B9C2C4C005FCC1B /* TwinkleTests */,
			);
		};
/* End PBXProject section */

/* Begin PBXResourcesBuildPhase section */
		028EAEC81B9C2C4C005FCC1B /* Resources */ = {
			isa = PBXResourcesBuildPhase;
			buildActionMask = 2147483647;
			files = (
				028EAED91B9C2C4C005FCC1B /* Main.storyboard in Resources */,
				028EAEDE1B9C2C4C005FCC1B /* LaunchScreen.xib in Resources */,
				028EAEDB1B9C2C4C005FCC1B /* Images.xcassets in Resources */,
			);
			runOnlyForDeploymentPostprocessing = 0;
		};
		028EAEE11B9C2C4C005FCC1B /* Resources */ = {
			isa = PBXResourcesBuildPhase;
			buildActionMask = 2147483647;
			files = (
			);
			runOnlyForDeploymentPostprocessing = 0;
		};
/* End PBXResourcesBuildPhase section */

/* Begin PBXSourcesBuildPhase section */
		028EAEC61B9C2C4C005FCC1B /* Sources */ = {
			isa = PBXSourcesBuildPhase;
			buildActionMask = 2147483647;
			files = (
				028EAEFE1B9C2E14005FCC1B /* TwinkleLayer.m in Sources */,
				028EAED61B9C2C4C005FCC1B /* ViewController.m in Sources */,
				028EAEFB1B9C2DBC005FCC1B /* UIView+Twinkle.m in Sources */,
				028EAF061B9C339F005FCC1B /* TwinkleLayer+Anim.m in Sources */,
				028EAED31B9C2C4C005FCC1B /* AppDelegate.m in Sources */,
				028EAED01B9C2C4C005FCC1B /* main.m in Sources */,
			);
			runOnlyForDeploymentPostprocessing = 0;
		};
		028EAEDF1B9C2C4C005FCC1B /* Sources */ = {
			isa = PBXSourcesBuildPhase;
			buildActionMask = 2147483647;
			files = (
				028EAEEA1B9C2C4C005FCC1B /* TwinkleTests.m in Sources */,
			);
			runOnlyForDeploymentPostprocessing = 0;
		};
/* End PBXSourcesBuildPhase section */

/* Begin PBXTargetDependency section */
		028EAEE51B9C2C4C005FCC1B /* PBXTargetDependency */ = {
			isa = PBXTargetDependency;
			target = 028EAEC91B9C2C4C005FCC1B /* Twinkle */;
			targetProxy = 028EAEE41B9C2C4C005FCC1B /* PBXContainerItemProxy */;
		};
/* End PBXTargetDependency section */

/* Begin PBXVariantGroup section */
		028EAED71B9C2C4C005FCC1B /* Main.storyboard */ = {
			isa = PBXVariantGroup;
			children = (
				028EAED81B9C2C4C005FCC1B /* Base */,
			);
			name = Main.storyboard;
			sourceTree = "<group>";
		};
		028EAEDC1B9C2C4C005FCC1B /* LaunchScreen.xib */ = {
			isa = PBXVariantGroup;
			children = (
				028EAEDD1B9C2C4C005FCC1B /* Base */,
			);
			name = LaunchScreen.xib;
			sourceTree = "<group>";
		};
/* End PBXVariantGroup section */

/* Begin XCBuildConfiguration section */
		028EAEEB1B9C2C4C005FCC1B /* Debug */ = {
			isa = XCBuildConfiguration;
			buildSettings = {
				ALWAYS_SEARCH_USER_PATHS = NO;
				CLANG_CXX_LANGUAGE_STANDARD = "gnu++0x";
				CLANG_CXX_LIBRARY = "libc++";
				CLANG_ENABLE_MODULES = YES;
				CLANG_ENABLE_OBJC_ARC = YES;
				CLANG_WARN_BOOL_CONVERSION = YES;
				CLANG_WARN_CONSTANT_CONVERSION = YES;
				CLANG_WARN_DIRECT_OBJC_ISA_USAGE = YES_ERROR;
				CLANG_WARN_EMPTY_BODY = YES;
				CLANG_WARN_ENUM_CONVERSION = YES;
				CLANG_WARN_INT_CONVERSION = YES;
				CLANG_WARN_OBJC_ROOT_CLASS = YES_ERROR;
				CLANG_WARN_UNREACHABLE_CODE = YES;
				CLANG_WARN__DUPLICATE_METHOD_MATCH = YES;
				"CODE_SIGN_IDENTITY[sdk=iphoneos*]" = "iPhone Developer";
				COPY_PHASE_STRIP = NO;
				DEBUG_INFORMATION_FORMAT = "dwarf-with-dsym";
				ENABLE_STRICT_OBJC_MSGSEND = YES;
				GCC_C_LANGUAGE_STANDARD = gnu99;
				GCC_DYNAMIC_NO_PIC = NO;
				GCC_NO_COMMON_BLOCKS = YES;
				GCC_OPTIMIZATION_LEVEL = 0;
				GCC_PREPROCESSOR_DEFINITIONS = (
					"DEBUG=1",
					"$(inherited)",
				);
				GCC_SYMBOLS_PRIVATE_EXTERN = NO;
				GCC_WARN_64_TO_32_BIT_CONVERSION = YES;
				GCC_WARN_ABOUT_RETURN_TYPE = YES_ERROR;
				GCC_WARN_UNDECLARED_SELECTOR = YES;
				GCC_WARN_UNINITIALIZED_AUTOS = YES_AGGRESSIVE;
				GCC_WARN_UNUSED_FUNCTION = YES;
				GCC_WARN_UNUSED_VARIABLE = YES;
				IPHONEOS_DEPLOYMENT_TARGET = 8.4;
				MTL_ENABLE_DEBUG_INFO = YES;
				ONLY_ACTIVE_ARCH = YES;
				SDKROOT = iphoneos;
			};
			name = Debug;
		};
		028EAEEC1B9C2C4C005FCC1B /* Release */ = {
			isa = XCBuildConfiguration;
			buildSettings = {
				ALWAYS_SEARCH_USER_PATHS = NO;
				CLANG_CXX_LANGUAGE_STANDARD = "gnu++0x";
				CLANG_CXX_LIBRARY = "libc++";
				CLANG_ENABLE_MODULES = YES;
				CLANG_ENABLE_OBJC_ARC = YES;
				CLANG_WARN_BOOL_CONVERSION = YES;
				CLANG_WARN_CONSTANT_CONVERSION = YES;
				CLANG_WARN_DIRECT_OBJC_ISA_USAGE = YES_ERROR;
				CLANG_WARN_EMPTY_BODY = YES;
				CLANG_WARN_ENUM_CONVERSION = YES;
				CLANG_WARN_INT_CONVERSION = YES;
				CLANG_WARN_OBJC_ROOT_CLASS = YES_ERROR;
				CLANG_WARN_UNREACHABLE_CODE = YES;
				CLANG_WARN__DUPLICATE_METHOD_MATCH = YES;
				"CODE_SIGN_IDENTITY[sdk=iphoneos*]" = "iPhone Developer";
				COPY_PHASE_STRIP = NO;
				DEBUG_INFORMATION_FORMAT = "dwarf-with-dsym";
				ENABLE_NS_ASSERTIONS = NO;
				ENABLE_STRICT_OBJC_MSGSEND = YES;
				GCC_C_LANGUAGE_STANDARD = gnu99;
				GCC_NO_COMMON_BLOCKS = YES;
				GCC_WARN_64_TO_32_BIT_CONVERSION = YES;
				GCC_WARN_ABOUT_RETURN_TYPE = YES_ERROR;
				GCC_WARN_UNDECLARED_SELECTOR = YES;
				GCC_WARN_UNINITIALIZED_AUTOS = YES_AGGRESSIVE;
				GCC_WARN_UNUSED_FUNCTION = YES;
				GCC_WARN_UNUSED_VARIABLE = YES;
				IPHONEOS_DEPLOYMENT_TARGET = 8.4;
				MTL_ENABLE_DEBUG_INFO = NO;
				SDKROOT = iphoneos;
				VALIDATE_PRODUCT = YES;
			};
			name = Release;
		};
		028EAEEE1B9C2C4C005FCC1B /* Debug */ = {
			isa = XCBuildConfiguration;
			buildSettings = {
				ASSETCATALOG_COMPILER_APPICON_NAME = AppIcon;
				INFOPLIST_FILE = Twinkle/Info.plist;
				LD_RUNPATH_SEARCH_PATHS = "$(inherited) @executable_path/Frameworks";
				PRODUCT_NAME = "$(TARGET_NAME)";
			};
			name = Debug;
		};
		028EAEEF1B9C2C4C005FCC1B /* Release */ = {
			isa = XCBuildConfiguration;
			buildSettings = {
				ASSETCATALOG_COMPILER_APPICON_NAME = AppIcon;
				INFOPLIST_FILE = Twinkle/Info.plist;
				LD_RUNPATH_SEARCH_PATHS = "$(inherited) @executable_path/Frameworks";
				PRODUCT_NAME = "$(TARGET_NAME)";
			};
			name = Release;
		};
		028EAEF11B9C2C4C005FCC1B /* Debug */ = {
			isa = XCBuildConfiguration;
			buildSettings = {
				BUNDLE_LOADER = "$(TEST_HOST)";
				FRAMEWORK_SEARCH_PATHS = (
					"$(SDKROOT)/Developer/Library/Frameworks",
					"$(inherited)",
				);
				GCC_PREPROCESSOR_DEFINITIONS = (
					"DEBUG=1",
					"$(inherited)",
				);
				INFOPLIST_FILE = TwinkleTests/Info.plist;
				LD_RUNPATH_SEARCH_PATHS = "$(inherited) @executable_path/Frameworks @loader_path/Frameworks";
				PRODUCT_NAME = "$(TARGET_NAME)";
				TEST_HOST = "$(BUILT_PRODUCTS_DIR)/Twinkle.app/Twinkle";
			};
			name = Debug;
		};
		028EAEF21B9C2C4C005FCC1B /* Release */ = {
			isa = XCBuildConfiguration;
			buildSettings = {
				BUNDLE_LOADER = "$(TEST_HOST)";
				FRAMEWORK_SEARCH_PATHS = (
					"$(SDKROOT)/Developer/Library/Frameworks",
					"$(inherited)",
				);
				INFOPLIST_FILE = TwinkleTests/Info.plist;
				LD_RUNPATH_SEARCH_PATHS = "$(inherited) @executable_path/Frameworks @loader_path/Frameworks";
				PRODUCT_NAME = "$(TARGET_NAME)";
				TEST_HOST = "$(BUILT_PRODUCTS_DIR)/Twinkle.app/Twinkle";
			};
			name = Release;
		};
/* End XCBuildConfiguration section */

/* Begin XCConfigurationList section */
		028EAEC51B9C2C4C005FCC1B /* Build configuration list for PBXProject "Twinkle" */ = {
			isa = XCConfigurationList;
			buildConfigurations = (
				028EAEEB1B9C2C4C005FCC1B /* Debug */,
				028EAEEC1B9C2C4C005FCC1B /* Release */,
			);
			defaultConfigurationIsVisible = 0;
			defaultConfigurationName = Release;
		};
		028EAEED1B9C2C4C005FCC1B /* Build configuration list for PBXNativeTarget "Twinkle" */ = {
			isa = XCConfigurationList;
			buildConfigurations = (
				028EAEEE1B9C2C4C005FCC1B /* Debug */,
				028EAEEF1B9C2C4C005FCC1B /* Release */,
			);
			defaultConfigurationIsVisible = 0;
		};
		028EAEF01B9C2C4C005FCC1B /* Build configuration list for PBXNativeTarget "TwinkleTests" */ = {
			isa = XCConfigurationList;
			buildConfigurations = (
				028EAEF11B9C2C4C005FCC1B /* Debug */,
				028EAEF21B9C2C4C005FCC1B /* Release */,
			);
			defaultConfigurationIsVisible = 0;
		};
/* End XCConfigurationList section */
	};
	rootObject = 028EAEC21B9C2C4C005FCC1B /* Project object */;
}
